
Microsoft Visual Studio Solution File, Format Version 12.00
Project("{2150E333-8FDC-42A3-9474-1A3956D46DE8}") = "src", "src", "{51518AD3-AD7E-4DCF-AF18-44041AB4F74A}"
EndProject
Project("{2150E333-8FDC-42A3-9474-1A3956D46DE8}") = "test", "test", "{0AF4C33A-BF3B-4FC3-8247-ABA7462437CB}"
EndProject
Project("{2150E333-8FDC-42A3-9474-1A3956D46DE8}") = "readme", "readme", "{5AD6C9B7-C95F-44CD-A346-5C5200801625}"
	ProjectSection(SolutionItems) = preProject
		readme\readme.md = readme\readme.md
	EndProjectSection
EndProject
Project("{FAE04EC0-301F-11D3-BF4B-00C04F79EFBC}") = "FlowPipe", "src\FlowPipe\FlowPipe.csproj", "{DC3D1927-B75F-4921-934B-0F655203F77A}"
EndProject
Global
	GlobalSection(SolutionConfigurationPlatforms) = preSolution
		Debug|Any CPU = Debug|Any CPU
		Release|Any CPU = Release|Any CPU
	EndGlobalSection
	GlobalSection(NestedProjects) = preSolution
		{DC3D1927-B75F-4921-934B-0F655203F77A} = {51518AD3-AD7E-4DCF-AF18-44041AB4F74A}
	EndGlobalSection
	GlobalSection(ProjectConfigurationPlatforms) = postSolution
		{DC3D1927-B75F-4921-934B-0F655203F77A}.Debug|Any CPU.ActiveCfg = Debug|Any CPU
		{DC3D1927-B75F-4921-934B-0F655203F77A}.Debug|Any CPU.Build.0 = Debug|Any CPU
		{DC3D1927-B75F-4921-934B-0F655203F77A}.Release|Any CPU.ActiveCfg = Release|Any CPU
		{DC3D1927-B75F-4921-934B-0F655203F77A}.Release|Any CPU.Build.0 = Release|Any CPU
	EndGlobalSection
EndGlobal
