
Microsoft Visual Studio Solution File, Format Version 12.00
Project("{2150E333-8FDC-42A3-9474-1A3956D46DE8}") = "src", "src", "{51518AD3-AD7E-4DCF-AF18-44041AB4F74A}"
EndProject
Project("{2150E333-8FDC-42A3-9474-1A3956D46DE8}") = "test", "test", "{0AF4C33A-BF3B-4FC3-8247-ABA7462437CB}"
EndProject
Project("{2150E333-8FDC-42A3-9474-1A3956D46DE8}") = "readme", "readme", "{5AD6C9B7-C95F-44CD-A346-5C5200801625}"
	ProjectSection(SolutionItems) = preProject
		readme\readme.md = readme\readme-EN.md
		readme\readme-TR.md = readme\readme-TR.md
	EndProjectSection
EndProject
Project("{FAE04EC0-301F-11D3-BF4B-00C04F79EFBC}") = "FlowPipe", "src\FlowPipe\FlowPipe.csproj", "{DC3D1927-B75F-4921-934B-0F655203F77A}"
EndProject
Project("{FAE04EC0-301F-11D3-BF4B-00C04F79EFBC}") = "FlowPipe.ExampleAPI", "test\FlowPipe.ExampleAPI\FlowPipe.ExampleAPI.csproj", "{1F31A486-9987-48F4-9B1F-666D97FEEEDA}"
EndProject
Project("{FAE04EC0-301F-11D3-BF4B-00C04F79EFBC}") = "FlowPipe.Benchmarks", "test\FlowPipe.Benchmarks\FlowPipe.Benchmarks.csproj", "{105F9A1B-32EC-407F-8127-1B6B7499DC96}"
EndProject
Project("{FAE04EC0-301F-11D3-BF4B-00C04F79EFBC}") = "FlowPipe.UnitTests", "FlowPipe.UnitTests\FlowPipe.UnitTests.csproj", "{3AC54FC1-B013-4E7B-95DF-A58E085AE027}"
EndProject
Global
	GlobalSection(SolutionConfigurationPlatforms) = preSolution
		Debug|Any CPU = Debug|Any CPU
		Release|Any CPU = Release|Any CPU
	EndGlobalSection
	GlobalSection(NestedProjects) = preSolution
		{DC3D1927-B75F-4921-934B-0F655203F77A} = {51518AD3-AD7E-4DCF-AF18-44041AB4F74A}
		{1F31A486-9987-48F4-9B1F-666D97FEEEDA} = {0AF4C33A-BF3B-4FC3-8247-ABA7462437CB}
		{105F9A1B-32EC-407F-8127-1B6B7499DC96} = {0AF4C33A-BF3B-4FC3-8247-ABA7462437CB}
		{3AC54FC1-B013-4E7B-95DF-A58E085AE027} = {0AF4C33A-BF3B-4FC3-8247-ABA7462437CB}
	EndGlobalSection
	GlobalSection(ProjectConfigurationPlatforms) = postSolution
		{DC3D1927-B75F-4921-934B-0F655203F77A}.Debug|Any CPU.ActiveCfg = Debug|Any CPU
		{DC3D1927-B75F-4921-934B-0F655203F77A}.Debug|Any CPU.Build.0 = Debug|Any CPU
		{DC3D1927-B75F-4921-934B-0F655203F77A}.Release|Any CPU.ActiveCfg = Release|Any CPU
		{DC3D1927-B75F-4921-934B-0F655203F77A}.Release|Any CPU.Build.0 = Release|Any CPU
		{1F31A486-9987-48F4-9B1F-666D97FEEEDA}.Debug|Any CPU.ActiveCfg = Debug|Any CPU
		{1F31A486-9987-48F4-9B1F-666D97FEEEDA}.Debug|Any CPU.Build.0 = Debug|Any CPU
		{1F31A486-9987-48F4-9B1F-666D97FEEEDA}.Release|Any CPU.ActiveCfg = Release|Any CPU
		{1F31A486-9987-48F4-9B1F-666D97FEEEDA}.Release|Any CPU.Build.0 = Release|Any CPU
		{105F9A1B-32EC-407F-8127-1B6B7499DC96}.Debug|Any CPU.ActiveCfg = Debug|Any CPU
		{105F9A1B-32EC-407F-8127-1B6B7499DC96}.Debug|Any CPU.Build.0 = Debug|Any CPU
		{105F9A1B-32EC-407F-8127-1B6B7499DC96}.Release|Any CPU.ActiveCfg = Release|Any CPU
		{105F9A1B-32EC-407F-8127-1B6B7499DC96}.Release|Any CPU.Build.0 = Release|Any CPU
		{3AC54FC1-B013-4E7B-95DF-A58E085AE027}.Debug|Any CPU.ActiveCfg = Debug|Any CPU
		{3AC54FC1-B013-4E7B-95DF-A58E085AE027}.Debug|Any CPU.Build.0 = Debug|Any CPU
		{3AC54FC1-B013-4E7B-95DF-A58E085AE027}.Release|Any CPU.ActiveCfg = Release|Any CPU
		{3AC54FC1-B013-4E7B-95DF-A58E085AE027}.Release|Any CPU.Build.0 = Release|Any CPU
	EndGlobalSection
EndGlobal
